
Microsoft Visual Studio Solution File, Format Version 12.00
# Visual Studio Version 17
VisualStudioVersion = 17.9.34616.47
MinimumVisualStudioVersion = 10.0.40219.1
Project("{9A19103F-16F7-4668-BE54-9A1E7A4F7556}") = "YC.WalletApp", "YC.WalletApp\YC.WalletApp.csproj", "{D33EFE7C-5AB5-473F-9044-5EA9A30F9DFC}"
EndProject
Project("{9A19103F-16F7-4668-BE54-9A1E7A4F7556}") = "YC.Common", "BasicLayer(net)\YC.Common\YC.Common.csproj", "{4907DDCF-849E-4FC1-ADDE-686B13A1E31D}"
EndProject
Project("{9A19103F-16F7-4668-BE54-9A1E7A4F7556}") = "YC.ApplicationService", "YC.ApplicationService\YC.ApplicationService.csproj", "{2F39940A-A6F0-44F2-898E-BE4E318838AE}"
EndProject
Project("{2150E333-8FDC-42A3-9474-1A3956D46DE8}") = "BlockChainSdk", "BlockChainSdk", "{A05824E4-4411-49A3-9215-B9175DA1570C}"
EndProject
Project("{9A19103F-16F7-4668-BE54-9A1E7A4F7556}") = "YC.Model", "YC.Model\YC.Model.csproj", "{6E468509-4320-4001-B61F-6758B95112AE}"
EndProject
Project("{2150E333-8FDC-42A3-9474-1A3956D46DE8}") = "Test", "Test", "{8F071FF2-0404-4588-ABE4-1F2DA256735E}"
EndProject
Project("{9A19103F-16F7-4668-BE54-9A1E7A4F7556}") = "YC.SolanaSdkService", "Sdk\YC.Solana\YC.SolanaSdkService\YC.SolanaSdkService.csproj", "{32CBA0FB-14D9-486C-8774-B270835F4A61}"
EndProject
Project("{9A19103F-16F7-4668-BE54-9A1E7A4F7556}") = "SolanaTest", "Test\SolanaTest\SolanaTest.csproj", "{12113C5D-8A94-4D81-83AE-D319AB5F4147}"
EndProject
Project("{9A19103F-16F7-4668-BE54-9A1E7A4F7556}") = "Solnet.Rpc", "Sdk\YC.Solana\Solnet-master\src\Solnet.Rpc\Solnet.Rpc.csproj", "{FF37DAE6-3CB5-4056-9CC8-73305F1E635D}"
EndProject
Project("{2150E333-8FDC-42A3-9474-1A3956D46DE8}") = "Solana", "Solana", "{CA52CC29-0A03-4713-B781-38D95AA01D98}"
EndProject
Project("{9A19103F-16F7-4668-BE54-9A1E7A4F7556}") = "Solnet.Metaplex", "Sdk\YC.Solana\Solnet.Metaplex-master\Solnet.Metaplex\Solnet.Metaplex.csproj", "{8AAB4A6D-9637-463C-ABFD-DB92B86E41E8}"
EndProject
Project("{9A19103F-16F7-4668-BE54-9A1E7A4F7556}") = "Solnet.Programs", "Sdk\YC.Solana\Solnet-master\src\Solnet.Programs\Solnet.Programs.csproj", "{2CC7898F-1CC0-4A54-92F2-397AE9754F9A}"
EndProject
Project("{9A19103F-16F7-4668-BE54-9A1E7A4F7556}") = "Solnet.Wallet", "Sdk\YC.Solana\Solnet-master\src\Solnet.Wallet\Solnet.Wallet.csproj", "{CDE6E72D-0516-4B5D-A0B0-B0C2D0CF7E77}"
EndProject
Project("{9A19103F-16F7-4668-BE54-9A1E7A4F7556}") = "Solnet.Extensions", "Sdk\YC.Solana\Solnet-master\src\Solnet.Extensions\Solnet.Extensions.csproj", "{2A6B9003-D3DA-4544-AC15-C139EF3D741E}"
EndProject
Project("{9A19103F-16F7-4668-BE54-9A1E7A4F7556}") = "Solnet.KeyStore", "Sdk\YC.Solana\Solnet-master\src\Solnet.KeyStore\Solnet.KeyStore.csproj", "{688F0402-40FA-4807-BA25-7DAF6A5CA1B2}"
EndProject
Global
	GlobalSection(SolutionConfigurationPlatforms) = preSolution
		Debug|Any CPU = Debug|Any CPU
		Debug|x64 = Debug|x64
		Debug|x86 = Debug|x86
		Release|Any CPU = Release|Any CPU
		Release|x64 = Release|x64
		Release|x86 = Release|x86
	EndGlobalSection
	GlobalSection(ProjectConfigurationPlatforms) = postSolution
		{D33EFE7C-5AB5-473F-9044-5EA9A30F9DFC}.Debug|Any CPU.ActiveCfg = Debug|Any CPU
		{D33EFE7C-5AB5-473F-9044-5EA9A30F9DFC}.Debug|Any CPU.Build.0 = Debug|Any CPU
		{D33EFE7C-5AB5-473F-9044-5EA9A30F9DFC}.Debug|x64.ActiveCfg = Debug|x64
		{D33EFE7C-5AB5-473F-9044-5EA9A30F9DFC}.Debug|x64.Build.0 = Debug|x64
		{D33EFE7C-5AB5-473F-9044-5EA9A30F9DFC}.Debug|x86.ActiveCfg = Debug|x86
		{D33EFE7C-5AB5-473F-9044-5EA9A30F9DFC}.Debug|x86.Build.0 = Debug|x86
		{D33EFE7C-5AB5-473F-9044-5EA9A30F9DFC}.Release|Any CPU.ActiveCfg = Release|Any CPU
		{D33EFE7C-5AB5-473F-9044-5EA9A30F9DFC}.Release|Any CPU.Build.0 = Release|Any CPU
		{D33EFE7C-5AB5-473F-9044-5EA9A30F9DFC}.Release|x64.ActiveCfg = Release|x64
		{D33EFE7C-5AB5-473F-9044-5EA9A30F9DFC}.Release|x64.Build.0 = Release|x64
		{D33EFE7C-5AB5-473F-9044-5EA9A30F9DFC}.Release|x86.ActiveCfg = Release|x86
		{D33EFE7C-5AB5-473F-9044-5EA9A30F9DFC}.Release|x86.Build.0 = Release|x86
		{4907DDCF-849E-4FC1-ADDE-686B13A1E31D}.Debug|Any CPU.ActiveCfg = Debug|Any CPU
		{4907DDCF-849E-4FC1-ADDE-686B13A1E31D}.Debug|Any CPU.Build.0 = Debug|Any CPU
		{4907DDCF-849E-4FC1-ADDE-686B13A1E31D}.Debug|x64.ActiveCfg = Debug|Any CPU
		{4907DDCF-849E-4FC1-ADDE-686B13A1E31D}.Debug|x64.Build.0 = Debug|Any CPU
		{4907DDCF-849E-4FC1-ADDE-686B13A1E31D}.Debug|x86.ActiveCfg = Debug|x86
		{4907DDCF-849E-4FC1-ADDE-686B13A1E31D}.Debug|x86.Build.0 = Debug|x86
		{4907DDCF-849E-4FC1-ADDE-686B13A1E31D}.Release|Any CPU.ActiveCfg = Release|Any CPU
		{4907DDCF-849E-4FC1-ADDE-686B13A1E31D}.Release|Any CPU.Build.0 = Release|Any CPU
		{4907DDCF-849E-4FC1-ADDE-686B13A1E31D}.Release|x64.ActiveCfg = Release|Any CPU
		{4907DDCF-849E-4FC1-ADDE-686B13A1E31D}.Release|x64.Build.0 = Release|Any CPU
		{4907DDCF-849E-4FC1-ADDE-686B13A1E31D}.Release|x86.ActiveCfg = Release|x86
		{4907DDCF-849E-4FC1-ADDE-686B13A1E31D}.Release|x86.Build.0 = Release|x86
		{2F39940A-A6F0-44F2-898E-BE4E318838AE}.Debug|Any CPU.ActiveCfg = Debug|Any CPU
		{2F39940A-A6F0-44F2-898E-BE4E318838AE}.Debug|Any CPU.Build.0 = Debug|Any CPU
		{2F39940A-A6F0-44F2-898E-BE4E318838AE}.Debug|x64.ActiveCfg = Debug|x64
		{2F39940A-A6F0-44F2-898E-BE4E318838AE}.Debug|x64.Build.0 = Debug|x64
		{2F39940A-A6F0-44F2-898E-BE4E318838AE}.Debug|x86.ActiveCfg = Debug|x86
		{2F39940A-A6F0-44F2-898E-BE4E318838AE}.Debug|x86.Build.0 = Debug|x86
		{2F39940A-A6F0-44F2-898E-BE4E318838AE}.Release|Any CPU.ActiveCfg = Release|Any CPU
		{2F39940A-A6F0-44F2-898E-BE4E318838AE}.Release|Any CPU.Build.0 = Release|Any CPU
		{2F39940A-A6F0-44F2-898E-BE4E318838AE}.Release|x64.ActiveCfg = Release|x64
		{2F39940A-A6F0-44F2-898E-BE4E318838AE}.Release|x64.Build.0 = Release|x64
		{2F39940A-A6F0-44F2-898E-BE4E318838AE}.Release|x86.ActiveCfg = Release|x86
		{2F39940A-A6F0-44F2-898E-BE4E318838AE}.Release|x86.Build.0 = Release|x86
		{6E468509-4320-4001-B61F-6758B95112AE}.Debug|Any CPU.ActiveCfg = Debug|Any CPU
		{6E468509-4320-4001-B61F-6758B95112AE}.Debug|Any CPU.Build.0 = Debug|Any CPU
		{6E468509-4320-4001-B61F-6758B95112AE}.Debug|x64.ActiveCfg = Debug|Any CPU
		{6E468509-4320-4001-B61F-6758B95112AE}.Debug|x64.Build.0 = Debug|Any CPU
		{6E468509-4320-4001-B61F-6758B95112AE}.Debug|x86.ActiveCfg = Debug|Any CPU
		{6E468509-4320-4001-B61F-6758B95112AE}.Debug|x86.Build.0 = Debug|Any CPU
		{6E468509-4320-4001-B61F-6758B95112AE}.Release|Any CPU.ActiveCfg = Release|Any CPU
		{6E468509-4320-4001-B61F-6758B95112AE}.Release|Any CPU.Build.0 = Release|Any CPU
		{6E468509-4320-4001-B61F-6758B95112AE}.Release|x64.ActiveCfg = Release|Any CPU
		{6E468509-4320-4001-B61F-6758B95112AE}.Release|x64.Build.0 = Release|Any CPU
		{6E468509-4320-4001-B61F-6758B95112AE}.Release|x86.ActiveCfg = Release|Any CPU
		{6E468509-4320-4001-B61F-6758B95112AE}.Release|x86.Build.0 = Release|Any CPU
		{32CBA0FB-14D9-486C-8774-B270835F4A61}.Debug|Any CPU.ActiveCfg = Debug|Any CPU
		{32CBA0FB-14D9-486C-8774-B270835F4A61}.Debug|Any CPU.Build.0 = Debug|Any CPU
		{32CBA0FB-14D9-486C-8774-B270835F4A61}.Debug|x64.ActiveCfg = Debug|Any CPU
		{32CBA0FB-14D9-486C-8774-B270835F4A61}.Debug|x64.Build.0 = Debug|Any CPU
		{32CBA0FB-14D9-486C-8774-B270835F4A61}.Debug|x86.ActiveCfg = Debug|Any CPU
		{32CBA0FB-14D9-486C-8774-B270835F4A61}.Debug|x86.Build.0 = Debug|Any CPU
		{32CBA0FB-14D9-486C-8774-B270835F4A61}.Release|Any CPU.ActiveCfg = Release|Any CPU
		{32CBA0FB-14D9-486C-8774-B270835F4A61}.Release|Any CPU.Build.0 = Release|Any CPU
		{32CBA0FB-14D9-486C-8774-B270835F4A61}.Release|x64.ActiveCfg = Release|Any CPU
		{32CBA0FB-14D9-486C-8774-B270835F4A61}.Release|x64.Build.0 = Release|Any CPU
		{32CBA0FB-14D9-486C-8774-B270835F4A61}.Release|x86.ActiveCfg = Release|Any CPU
		{32CBA0FB-14D9-486C-8774-B270835F4A61}.Release|x86.Build.0 = Release|Any CPU
		{12113C5D-8A94-4D81-83AE-D319AB5F4147}.Debug|Any CPU.ActiveCfg = Debug|Any CPU
		{12113C5D-8A94-4D81-83AE-D319AB5F4147}.Debug|Any CPU.Build.0 = Debug|Any CPU
		{12113C5D-8A94-4D81-83AE-D319AB5F4147}.Debug|x64.ActiveCfg = Debug|Any CPU
		{12113C5D-8A94-4D81-83AE-D319AB5F4147}.Debug|x64.Build.0 = Debug|Any CPU
		{12113C5D-8A94-4D81-83AE-D319AB5F4147}.Debug|x86.ActiveCfg = Debug|Any CPU
		{12113C5D-8A94-4D81-83AE-D319AB5F4147}.Debug|x86.Build.0 = Debug|Any CPU
		{12113C5D-8A94-4D81-83AE-D319AB5F4147}.Release|Any CPU.ActiveCfg = Release|Any CPU
		{12113C5D-8A94-4D81-83AE-D319AB5F4147}.Release|Any CPU.Build.0 = Release|Any CPU
		{12113C5D-8A94-4D81-83AE-D319AB5F4147}.Release|x64.ActiveCfg = Release|Any CPU
		{12113C5D-8A94-4D81-83AE-D319AB5F4147}.Release|x64.Build.0 = Release|Any CPU
		{12113C5D-8A94-4D81-83AE-D319AB5F4147}.Release|x86.ActiveCfg = Release|Any CPU
		{12113C5D-8A94-4D81-83AE-D319AB5F4147}.Release|x86.Build.0 = Release|Any CPU
		{FF37DAE6-3CB5-4056-9CC8-73305F1E635D}.Debug|Any CPU.ActiveCfg = Debug|Any CPU
		{FF37DAE6-3CB5-4056-9CC8-73305F1E635D}.Debug|Any CPU.Build.0 = Debug|Any CPU
		{FF37DAE6-3CB5-4056-9CC8-73305F1E635D}.Debug|x64.ActiveCfg = Debug|Any CPU
		{FF37DAE6-3CB5-4056-9CC8-73305F1E635D}.Debug|x64.Build.0 = Debug|Any CPU
		{FF37DAE6-3CB5-4056-9CC8-73305F1E635D}.Debug|x86.ActiveCfg = Debug|Any CPU
		{FF37DAE6-3CB5-4056-9CC8-73305F1E635D}.Debug|x86.Build.0 = Debug|Any CPU
		{FF37DAE6-3CB5-4056-9CC8-73305F1E635D}.Release|Any CPU.ActiveCfg = Release|Any CPU
		{FF37DAE6-3CB5-4056-9CC8-73305F1E635D}.Release|Any CPU.Build.0 = Release|Any CPU
		{FF37DAE6-3CB5-4056-9CC8-73305F1E635D}.Release|x64.ActiveCfg = Release|Any CPU
		{FF37DAE6-3CB5-4056-9CC8-73305F1E635D}.Release|x64.Build.0 = Release|Any CPU
		{FF37DAE6-3CB5-4056-9CC8-73305F1E635D}.Release|x86.ActiveCfg = Release|Any CPU
		{FF37DAE6-3CB5-4056-9CC8-73305F1E635D}.Release|x86.Build.0 = Release|Any CPU
		{8AAB4A6D-9637-463C-ABFD-DB92B86E41E8}.Debug|Any CPU.ActiveCfg = Debug|Any CPU
		{8AAB4A6D-9637-463C-ABFD-DB92B86E41E8}.Debug|Any CPU.Build.0 = Debug|Any CPU
		{8AAB4A6D-9637-463C-ABFD-DB92B86E41E8}.Debug|x64.ActiveCfg = Debug|Any CPU
		{8AAB4A6D-9637-463C-ABFD-DB92B86E41E8}.Debug|x64.Build.0 = Debug|Any CPU
		{8AAB4A6D-9637-463C-ABFD-DB92B86E41E8}.Debug|x86.ActiveCfg = Debug|Any CPU
		{8AAB4A6D-9637-463C-ABFD-DB92B86E41E8}.Debug|x86.Build.0 = Debug|Any CPU
		{8AAB4A6D-9637-463C-ABFD-DB92B86E41E8}.Release|Any CPU.ActiveCfg = Release|Any CPU
		{8AAB4A6D-9637-463C-ABFD-DB92B86E41E8}.Release|Any CPU.Build.0 = Release|Any CPU
		{8AAB4A6D-9637-463C-ABFD-DB92B86E41E8}.Release|x64.ActiveCfg = Release|Any CPU
		{8AAB4A6D-9637-463C-ABFD-DB92B86E41E8}.Release|x64.Build.0 = Release|Any CPU
		{8AAB4A6D-9637-463C-ABFD-DB92B86E41E8}.Release|x86.ActiveCfg = Release|Any CPU
		{8AAB4A6D-9637-463C-ABFD-DB92B86E41E8}.Release|x86.Build.0 = Release|Any CPU
		{2CC7898F-1CC0-4A54-92F2-397AE9754F9A}.Debug|Any CPU.ActiveCfg = Debug|Any CPU
		{2CC7898F-1CC0-4A54-92F2-397AE9754F9A}.Debug|Any CPU.Build.0 = Debug|Any CPU
		{2CC7898F-1CC0-4A54-92F2-397AE9754F9A}.Debug|x64.ActiveCfg = Debug|Any CPU
		{2CC7898F-1CC0-4A54-92F2-397AE9754F9A}.Debug|x64.Build.0 = Debug|Any CPU
		{2CC7898F-1CC0-4A54-92F2-397AE9754F9A}.Debug|x86.ActiveCfg = Debug|Any CPU
		{2CC7898F-1CC0-4A54-92F2-397AE9754F9A}.Debug|x86.Build.0 = Debug|Any CPU
		{2CC7898F-1CC0-4A54-92F2-397AE9754F9A}.Release|Any CPU.ActiveCfg = Release|Any CPU
		{2CC7898F-1CC0-4A54-92F2-397AE9754F9A}.Release|Any CPU.Build.0 = Release|Any CPU
		{2CC7898F-1CC0-4A54-92F2-397AE9754F9A}.Release|x64.ActiveCfg = Release|Any CPU
		{2CC7898F-1CC0-4A54-92F2-397AE9754F9A}.Release|x64.Build.0 = Release|Any CPU
		{2CC7898F-1CC0-4A54-92F2-397AE9754F9A}.Release|x86.ActiveCfg = Release|Any CPU
		{2CC7898F-1CC0-4A54-92F2-397AE9754F9A}.Release|x86.Build.0 = Release|Any CPU
		{CDE6E72D-0516-4B5D-A0B0-B0C2D0CF7E77}.Debug|Any CPU.ActiveCfg = Debug|Any CPU
		{CDE6E72D-0516-4B5D-A0B0-B0C2D0CF7E77}.Debug|Any CPU.Build.0 = Debug|Any CPU
		{CDE6E72D-0516-4B5D-A0B0-B0C2D0CF7E77}.Debug|x64.ActiveCfg = Debug|Any CPU
		{CDE6E72D-0516-4B5D-A0B0-B0C2D0CF7E77}.Debug|x64.Build.0 = Debug|Any CPU
		{CDE6E72D-0516-4B5D-A0B0-B0C2D0CF7E77}.Debug|x86.ActiveCfg = Debug|Any CPU
		{CDE6E72D-0516-4B5D-A0B0-B0C2D0CF7E77}.Debug|x86.Build.0 = Debug|Any CPU
		{CDE6E72D-0516-4B5D-A0B0-B0C2D0CF7E77}.Release|Any CPU.ActiveCfg = Release|Any CPU
		{CDE6E72D-0516-4B5D-A0B0-B0C2D0CF7E77}.Release|Any CPU.Build.0 = Release|Any CPU
		{CDE6E72D-0516-4B5D-A0B0-B0C2D0CF7E77}.Release|x64.ActiveCfg = Release|Any CPU
		{CDE6E72D-0516-4B5D-A0B0-B0C2D0CF7E77}.Release|x64.Build.0 = Release|Any CPU
		{CDE6E72D-0516-4B5D-A0B0-B0C2D0CF7E77}.Release|x86.ActiveCfg = Release|Any CPU
		{CDE6E72D-0516-4B5D-A0B0-B0C2D0CF7E77}.Release|x86.Build.0 = Release|Any CPU
		{2A6B9003-D3DA-4544-AC15-C139EF3D741E}.Debug|Any CPU.ActiveCfg = Debug|Any CPU
		{2A6B9003-D3DA-4544-AC15-C139EF3D741E}.Debug|Any CPU.Build.0 = Debug|Any CPU
		{2A6B9003-D3DA-4544-AC15-C139EF3D741E}.Debug|x64.ActiveCfg = Debug|Any CPU
		{2A6B9003-D3DA-4544-AC15-C139EF3D741E}.Debug|x64.Build.0 = Debug|Any CPU
		{2A6B9003-D3DA-4544-AC15-C139EF3D741E}.Debug|x86.ActiveCfg = Debug|Any CPU
		{2A6B9003-D3DA-4544-AC15-C139EF3D741E}.Debug|x86.Build.0 = Debug|Any CPU
		{2A6B9003-D3DA-4544-AC15-C139EF3D741E}.Release|Any CPU.ActiveCfg = Release|Any CPU
		{2A6B9003-D3DA-4544-AC15-C139EF3D741E}.Release|Any CPU.Build.0 = Release|Any CPU
		{2A6B9003-D3DA-4544-AC15-C139EF3D741E}.Release|x64.ActiveCfg = Release|Any CPU
		{2A6B9003-D3DA-4544-AC15-C139EF3D741E}.Release|x64.Build.0 = Release|Any CPU
		{2A6B9003-D3DA-4544-AC15-C139EF3D741E}.Release|x86.ActiveCfg = Release|Any CPU
		{2A6B9003-D3DA-4544-AC15-C139EF3D741E}.Release|x86.Build.0 = Release|Any CPU
		{688F0402-40FA-4807-BA25-7DAF6A5CA1B2}.Debug|Any CPU.ActiveCfg = Debug|Any CPU
		{688F0402-40FA-4807-BA25-7DAF6A5CA1B2}.Debug|Any CPU.Build.0 = Debug|Any CPU
		{688F0402-40FA-4807-BA25-7DAF6A5CA1B2}.Debug|x64.ActiveCfg = Debug|Any CPU
		{688F0402-40FA-4807-BA25-7DAF6A5CA1B2}.Debug|x64.Build.0 = Debug|Any CPU
		{688F0402-40FA-4807-BA25-7DAF6A5CA1B2}.Debug|x86.ActiveCfg = Debug|Any CPU
		{688F0402-40FA-4807-BA25-7DAF6A5CA1B2}.Debug|x86.Build.0 = Debug|Any CPU
		{688F0402-40FA-4807-BA25-7DAF6A5CA1B2}.Release|Any CPU.ActiveCfg = Release|Any CPU
		{688F0402-40FA-4807-BA25-7DAF6A5CA1B2}.Release|Any CPU.Build.0 = Release|Any CPU
		{688F0402-40FA-4807-BA25-7DAF6A5CA1B2}.Release|x64.ActiveCfg = Release|Any CPU
		{688F0402-40FA-4807-BA25-7DAF6A5CA1B2}.Release|x64.Build.0 = Release|Any CPU
		{688F0402-40FA-4807-BA25-7DAF6A5CA1B2}.Release|x86.ActiveCfg = Release|Any CPU
		{688F0402-40FA-4807-BA25-7DAF6A5CA1B2}.Release|x86.Build.0 = Release|Any CPU
	EndGlobalSection
	GlobalSection(SolutionProperties) = preSolution
		HideSolutionNode = FALSE
	EndGlobalSection
	GlobalSection(NestedProjects) = preSolution
		{32CBA0FB-14D9-486C-8774-B270835F4A61} = {CA52CC29-0A03-4713-B781-38D95AA01D98}
		{12113C5D-8A94-4D81-83AE-D319AB5F4147} = {8F071FF2-0404-4588-ABE4-1F2DA256735E}
		{FF37DAE6-3CB5-4056-9CC8-73305F1E635D} = {CA52CC29-0A03-4713-B781-38D95AA01D98}
		{CA52CC29-0A03-4713-B781-38D95AA01D98} = {A05824E4-4411-49A3-9215-B9175DA1570C}
		{8AAB4A6D-9637-463C-ABFD-DB92B86E41E8} = {CA52CC29-0A03-4713-B781-38D95AA01D98}
		{2CC7898F-1CC0-4A54-92F2-397AE9754F9A} = {CA52CC29-0A03-4713-B781-38D95AA01D98}
		{CDE6E72D-0516-4B5D-A0B0-B0C2D0CF7E77} = {CA52CC29-0A03-4713-B781-38D95AA01D98}
		{2A6B9003-D3DA-4544-AC15-C139EF3D741E} = {CA52CC29-0A03-4713-B781-38D95AA01D98}
		{688F0402-40FA-4807-BA25-7DAF6A5CA1B2} = {CA52CC29-0A03-4713-B781-38D95AA01D98}
	EndGlobalSection
	GlobalSection(ExtensibilityGlobals) = postSolution
		SolutionGuid = {0613C1F2-8C57-48C4-B86A-E8F82B08F9BC}
	EndGlobalSection
EndGlobal
