
Microsoft Visual Studio Solution File, Format Version 12.00
# Visual Studio Version 17
VisualStudioVersion = 17.9.34616.47
MinimumVisualStudioVersion = 10.0.40219.1
Project("{9A19103F-16F7-4668-BE54-9A1E7A4F7556}") = "YC.WalletApp", "YC.WalletApp\YC.WalletApp.csproj", "{D33EFE7C-5AB5-473F-9044-5EA9A30F9DFC}"
EndProject
Project("{9A19103F-16F7-4668-BE54-9A1E7A4F7556}") = "YC.Common", "BasicLayer(net)\YC.Common\YC.Common.csproj", "{4907DDCF-849E-4FC1-ADDE-686B13A1E31D}"
EndProject
Project("{9A19103F-16F7-4668-BE54-9A1E7A4F7556}") = "YC.ApplicationService", "YC.ApplicationService\YC.ApplicationService.csproj", "{2F39940A-A6F0-44F2-898E-BE4E318838AE}"
EndProject
Project("{2150E333-8FDC-42A3-9474-1A3956D46DE8}") = "BlockChainSdk", "BlockChainSdk", "{A05824E4-4411-49A3-9215-B9175DA1570C}"
EndProject
Project("{9A19103F-16F7-4668-BE54-9A1E7A4F7556}") = "YC.Model", "YC.Model\YC.Model.csproj", "{6E468509-4320-4001-B61F-6758B95112AE}"
EndProject
Project("{2150E333-8FDC-42A3-9474-1A3956D46DE8}") = "Test", "Test", "{8F071FF2-0404-4588-ABE4-1F2DA256735E}"
EndProject
Project("{9A19103F-16F7-4668-BE54-9A1E7A4F7556}") = "YC.SolanaSdkService", "Sdk\YC.Solana\YC.SolanaSdkService\YC.SolanaSdkService.csproj", "{32CBA0FB-14D9-486C-8774-B270835F4A61}"
EndProject
Project("{9A19103F-16F7-4668-BE54-9A1E7A4F7556}") = "SolanaTest", "Test\SolanaTest\SolanaTest.csproj", "{12113C5D-8A94-4D81-83AE-D319AB5F4147}"
EndProject
Project("{2150E333-8FDC-42A3-9474-1A3956D46DE8}") = "Solana", "Solana", "{CA52CC29-0A03-4713-B781-38D95AA01D98}"
EndProject
Global
	GlobalSection(SolutionConfigurationPlatforms) = preSolution
		Debug|Any CPU = Debug|Any CPU
		Debug|x64 = Debug|x64
		Debug|x86 = Debug|x86
		Release|Any CPU = Release|Any CPU
		Release|x64 = Release|x64
		Release|x86 = Release|x86
	EndGlobalSection
	GlobalSection(ProjectConfigurationPlatforms) = postSolution
		{D33EFE7C-5AB5-473F-9044-5EA9A30F9DFC}.Debug|Any CPU.ActiveCfg = Debug|Any CPU
		{D33EFE7C-5AB5-473F-9044-5EA9A30F9DFC}.Debug|Any CPU.Build.0 = Debug|Any CPU
		{D33EFE7C-5AB5-473F-9044-5EA9A30F9DFC}.Debug|x64.ActiveCfg = Debug|x64
		{D33EFE7C-5AB5-473F-9044-5EA9A30F9DFC}.Debug|x64.Build.0 = Debug|x64
		{D33EFE7C-5AB5-473F-9044-5EA9A30F9DFC}.Debug|x86.ActiveCfg = Debug|x86
		{D33EFE7C-5AB5-473F-9044-5EA9A30F9DFC}.Debug|x86.Build.0 = Debug|x86
		{D33EFE7C-5AB5-473F-9044-5EA9A30F9DFC}.Release|Any CPU.ActiveCfg = Release|Any CPU
		{D33EFE7C-5AB5-473F-9044-5EA9A30F9DFC}.Release|Any CPU.Build.0 = Release|Any CPU
		{D33EFE7C-5AB5-473F-9044-5EA9A30F9DFC}.Release|x64.ActiveCfg = Release|x64
		{D33EFE7C-5AB5-473F-9044-5EA9A30F9DFC}.Release|x64.Build.0 = Release|x64
		{D33EFE7C-5AB5-473F-9044-5EA9A30F9DFC}.Release|x86.ActiveCfg = Release|x86
		{D33EFE7C-5AB5-473F-9044-5EA9A30F9DFC}.Release|x86.Build.0 = Release|x86
		{4907DDCF-849E-4FC1-ADDE-686B13A1E31D}.Debug|Any CPU.ActiveCfg = Debug|Any CPU
		{4907DDCF-849E-4FC1-ADDE-686B13A1E31D}.Debug|Any CPU.Build.0 = Debug|Any CPU
		{4907DDCF-849E-4FC1-ADDE-686B13A1E31D}.Debug|x64.ActiveCfg = Debug|Any CPU
		{4907DDCF-849E-4FC1-ADDE-686B13A1E31D}.Debug|x64.Build.0 = Debug|Any CPU
		{4907DDCF-849E-4FC1-ADDE-686B13A1E31D}.Debug|x86.ActiveCfg = Debug|x86
		{4907DDCF-849E-4FC1-ADDE-686B13A1E31D}.Debug|x86.Build.0 = Debug|x86
		{4907DDCF-849E-4FC1-ADDE-686B13A1E31D}.Release|Any CPU.ActiveCfg = Release|Any CPU
		{4907DDCF-849E-4FC1-ADDE-686B13A1E31D}.Release|Any CPU.Build.0 = Release|Any CPU
		{4907DDCF-849E-4FC1-ADDE-686B13A1E31D}.Release|x64.ActiveCfg = Release|Any CPU
		{4907DDCF-849E-4FC1-ADDE-686B13A1E31D}.Release|x64.Build.0 = Release|Any CPU
		{4907DDCF-849E-4FC1-ADDE-686B13A1E31D}.Release|x86.ActiveCfg = Release|x86
		{4907DDCF-849E-4FC1-ADDE-686B13A1E31D}.Release|x86.Build.0 = Release|x86
		{2F39940A-A6F0-44F2-898E-BE4E318838AE}.Debug|Any CPU.ActiveCfg = Debug|Any CPU
		{2F39940A-A6F0-44F2-898E-BE4E318838AE}.Debug|Any CPU.Build.0 = Debug|Any CPU
		{2F39940A-A6F0-44F2-898E-BE4E318838AE}.Debug|x64.ActiveCfg = Debug|x64
		{2F39940A-A6F0-44F2-898E-BE4E318838AE}.Debug|x64.Build.0 = Debug|x64
		{2F39940A-A6F0-44F2-898E-BE4E318838AE}.Debug|x86.ActiveCfg = Debug|x86
		{2F39940A-A6F0-44F2-898E-BE4E318838AE}.Debug|x86.Build.0 = Debug|x86
		{2F39940A-A6F0-44F2-898E-BE4E318838AE}.Release|Any CPU.ActiveCfg = Release|Any CPU
		{2F39940A-A6F0-44F2-898E-BE4E318838AE}.Release|Any CPU.Build.0 = Release|Any CPU
		{2F39940A-A6F0-44F2-898E-BE4E318838AE}.Release|x64.ActiveCfg = Release|x64
		{2F39940A-A6F0-44F2-898E-BE4E318838AE}.Release|x64.Build.0 = Release|x64
		{2F39940A-A6F0-44F2-898E-BE4E318838AE}.Release|x86.ActiveCfg = Release|x86
		{2F39940A-A6F0-44F2-898E-BE4E318838AE}.Release|x86.Build.0 = Release|x86
		{6E468509-4320-4001-B61F-6758B95112AE}.Debug|Any CPU.ActiveCfg = Debug|Any CPU
		{6E468509-4320-4001-B61F-6758B95112AE}.Debug|Any CPU.Build.0 = Debug|Any CPU
		{6E468509-4320-4001-B61F-6758B95112AE}.Debug|x64.ActiveCfg = Debug|Any CPU
		{6E468509-4320-4001-B61F-6758B95112AE}.Debug|x64.Build.0 = Debug|Any CPU
		{6E468509-4320-4001-B61F-6758B95112AE}.Debug|x86.ActiveCfg = Debug|Any CPU
		{6E468509-4320-4001-B61F-6758B95112AE}.Debug|x86.Build.0 = Debug|Any CPU
		{6E468509-4320-4001-B61F-6758B95112AE}.Release|Any CPU.ActiveCfg = Release|Any CPU
		{6E468509-4320-4001-B61F-6758B95112AE}.Release|Any CPU.Build.0 = Release|Any CPU
		{6E468509-4320-4001-B61F-6758B95112AE}.Release|x64.ActiveCfg = Release|Any CPU
		{6E468509-4320-4001-B61F-6758B95112AE}.Release|x64.Build.0 = Release|Any CPU
		{6E468509-4320-4001-B61F-6758B95112AE}.Release|x86.ActiveCfg = Release|Any CPU
		{6E468509-4320-4001-B61F-6758B95112AE}.Release|x86.Build.0 = Release|Any CPU
		{32CBA0FB-14D9-486C-8774-B270835F4A61}.Debug|Any CPU.ActiveCfg = Debug|Any CPU
		{32CBA0FB-14D9-486C-8774-B270835F4A61}.Debug|Any CPU.Build.0 = Debug|Any CPU
		{32CBA0FB-14D9-486C-8774-B270835F4A61}.Debug|x64.ActiveCfg = Debug|Any CPU
		{32CBA0FB-14D9-486C-8774-B270835F4A61}.Debug|x64.Build.0 = Debug|Any CPU
		{32CBA0FB-14D9-486C-8774-B270835F4A61}.Debug|x86.ActiveCfg = Debug|Any CPU
		{32CBA0FB-14D9-486C-8774-B270835F4A61}.Debug|x86.Build.0 = Debug|Any CPU
		{32CBA0FB-14D9-486C-8774-B270835F4A61}.Release|Any CPU.ActiveCfg = Release|Any CPU
		{32CBA0FB-14D9-486C-8774-B270835F4A61}.Release|Any CPU.Build.0 = Release|Any CPU
		{32CBA0FB-14D9-486C-8774-B270835F4A61}.Release|x64.ActiveCfg = Release|Any CPU
		{32CBA0FB-14D9-486C-8774-B270835F4A61}.Release|x64.Build.0 = Release|Any CPU
		{32CBA0FB-14D9-486C-8774-B270835F4A61}.Release|x86.ActiveCfg = Release|Any CPU
		{32CBA0FB-14D9-486C-8774-B270835F4A61}.Release|x86.Build.0 = Release|Any CPU
		{12113C5D-8A94-4D81-83AE-D319AB5F4147}.Debug|Any CPU.ActiveCfg = Debug|Any CPU
		{12113C5D-8A94-4D81-83AE-D319AB5F4147}.Debug|Any CPU.Build.0 = Debug|Any CPU
		{12113C5D-8A94-4D81-83AE-D319AB5F4147}.Debug|x64.ActiveCfg = Debug|Any CPU
		{12113C5D-8A94-4D81-83AE-D319AB5F4147}.Debug|x64.Build.0 = Debug|Any CPU
		{12113C5D-8A94-4D81-83AE-D319AB5F4147}.Debug|x86.ActiveCfg = Debug|Any CPU
		{12113C5D-8A94-4D81-83AE-D319AB5F4147}.Debug|x86.Build.0 = Debug|Any CPU
		{12113C5D-8A94-4D81-83AE-D319AB5F4147}.Release|Any CPU.ActiveCfg = Release|Any CPU
		{12113C5D-8A94-4D81-83AE-D319AB5F4147}.Release|Any CPU.Build.0 = Release|Any CPU
		{12113C5D-8A94-4D81-83AE-D319AB5F4147}.Release|x64.ActiveCfg = Release|Any CPU
		{12113C5D-8A94-4D81-83AE-D319AB5F4147}.Release|x64.Build.0 = Release|Any CPU
		{12113C5D-8A94-4D81-83AE-D319AB5F4147}.Release|x86.ActiveCfg = Release|Any CPU
		{12113C5D-8A94-4D81-83AE-D319AB5F4147}.Release|x86.Build.0 = Release|Any CPU
	EndGlobalSection
	GlobalSection(SolutionProperties) = preSolution
		HideSolutionNode = FALSE
	EndGlobalSection
	GlobalSection(NestedProjects) = preSolution
		{32CBA0FB-14D9-486C-8774-B270835F4A61} = {CA52CC29-0A03-4713-B781-38D95AA01D98}
		{12113C5D-8A94-4D81-83AE-D319AB5F4147} = {8F071FF2-0404-4588-ABE4-1F2DA256735E}
		{CA52CC29-0A03-4713-B781-38D95AA01D98} = {A05824E4-4411-49A3-9215-B9175DA1570C}
	EndGlobalSection
	GlobalSection(ExtensibilityGlobals) = postSolution
		SolutionGuid = {0613C1F2-8C57-48C4-B86A-E8F82B08F9BC}
	EndGlobalSection
EndGlobal
